
Microsoft Visual Studio Solution File, Format Version 12.00
# Visual Studio 15
VisualStudioVersion = 15.0.28010.2003
MinimumVisualStudioVersion = 10.0.40219.1
Project("{FAE04EC0-301F-11D3-BF4B-00C04F79EFBC}") = "Location.Android", "Location\Location.Android\Location.Android.csproj", "{942BE4B5-709F-4340-8A47-4EC44578A421}"
EndProject
Project("{FAE04EC0-301F-11D3-BF4B-00C04F79EFBC}") = "Location.iOS", "Location\Location.iOS\Location.iOS.csproj", "{C7A7CD0C-B0F7-4F6C-A152-DCD33D782FE8}"
EndProject
Project("{FAE04EC0-301F-11D3-BF4B-00C04F79EFBC}") = "Location.UWP", "Location\Location.UWP\Location.UWP.csproj", "{17B88E88-B0A8-40DE-89EB-3A2F1D68145B}"
EndProject
Project("{9A19103F-16F7-4668-BE54-9A1E7A4F7556}") = "Location", "Location\Location\Location.csproj", "{86FA06AC-8F3D-4737-9DD7-DEA6B379DE9B}"
EndProject
Project("{FAE04EC0-301F-11D3-BF4B-00C04F79EFBC}") = "Location.Api", "Location.Api\Location.Api.csproj", "{AC783ADB-A227-4011-BCBA-88BF89A7AC30}"
EndProject
Global
	GlobalSection(SolutionConfigurationPlatforms) = preSolution
		Ad-Hoc|Any CPU = Ad-Hoc|Any CPU
		Ad-Hoc|ARM = Ad-Hoc|ARM
		Ad-Hoc|iPhone = Ad-Hoc|iPhone
		Ad-Hoc|iPhoneSimulator = Ad-Hoc|iPhoneSimulator
		Ad-Hoc|x64 = Ad-Hoc|x64
		Ad-Hoc|x86 = Ad-Hoc|x86
		AppStore|Any CPU = AppStore|Any CPU
		AppStore|ARM = AppStore|ARM
		AppStore|iPhone = AppStore|iPhone
		AppStore|iPhoneSimulator = AppStore|iPhoneSimulator
		AppStore|x64 = AppStore|x64
		AppStore|x86 = AppStore|x86
		Debug|Any CPU = Debug|Any CPU
		Debug|ARM = Debug|ARM
		Debug|iPhone = Debug|iPhone
		Debug|iPhoneSimulator = Debug|iPhoneSimulator
		Debug|x64 = Debug|x64
		Debug|x86 = Debug|x86
		Release|Any CPU = Release|Any CPU
		Release|ARM = Release|ARM
		Release|iPhone = Release|iPhone
		Release|iPhoneSimulator = Release|iPhoneSimulator
		Release|x64 = Release|x64
		Release|x86 = Release|x86
	EndGlobalSection
	GlobalSection(ProjectConfigurationPlatforms) = postSolution
		{942BE4B5-709F-4340-8A47-4EC44578A421}.Ad-Hoc|Any CPU.ActiveCfg = Release|Any CPU
		{942BE4B5-709F-4340-8A47-4EC44578A421}.Ad-Hoc|Any CPU.Build.0 = Release|Any CPU
		{942BE4B5-709F-4340-8A47-4EC44578A421}.Ad-Hoc|Any CPU.Deploy.0 = Release|Any CPU
		{942BE4B5-709F-4340-8A47-4EC44578A421}.Ad-Hoc|ARM.ActiveCfg = Release|Any CPU
		{942BE4B5-709F-4340-8A47-4EC44578A421}.Ad-Hoc|ARM.Build.0 = Release|Any CPU
		{942BE4B5-709F-4340-8A47-4EC44578A421}.Ad-Hoc|ARM.Deploy.0 = Release|Any CPU
		{942BE4B5-709F-4340-8A47-4EC44578A421}.Ad-Hoc|iPhone.ActiveCfg = Release|Any CPU
		{942BE4B5-709F-4340-8A47-4EC44578A421}.Ad-Hoc|iPhone.Build.0 = Release|Any CPU
		{942BE4B5-709F-4340-8A47-4EC44578A421}.Ad-Hoc|iPhone.Deploy.0 = Release|Any CPU
		{942BE4B5-709F-4340-8A47-4EC44578A421}.Ad-Hoc|iPhoneSimulator.ActiveCfg = Release|Any CPU
		{942BE4B5-709F-4340-8A47-4EC44578A421}.Ad-Hoc|iPhoneSimulator.Build.0 = Release|Any CPU
		{942BE4B5-709F-4340-8A47-4EC44578A421}.Ad-Hoc|iPhoneSimulator.Deploy.0 = Release|Any CPU
		{942BE4B5-709F-4340-8A47-4EC44578A421}.Ad-Hoc|x64.ActiveCfg = Release|Any CPU
		{942BE4B5-709F-4340-8A47-4EC44578A421}.Ad-Hoc|x64.Build.0 = Release|Any CPU
		{942BE4B5-709F-4340-8A47-4EC44578A421}.Ad-Hoc|x64.Deploy.0 = Release|Any CPU
		{942BE4B5-709F-4340-8A47-4EC44578A421}.Ad-Hoc|x86.ActiveCfg = Release|Any CPU
		{942BE4B5-709F-4340-8A47-4EC44578A421}.Ad-Hoc|x86.Build.0 = Release|Any CPU
		{942BE4B5-709F-4340-8A47-4EC44578A421}.Ad-Hoc|x86.Deploy.0 = Release|Any CPU
		{942BE4B5-709F-4340-8A47-4EC44578A421}.AppStore|Any CPU.ActiveCfg = Release|Any CPU
		{942BE4B5-709F-4340-8A47-4EC44578A421}.AppStore|Any CPU.Build.0 = Release|Any CPU
		{942BE4B5-709F-4340-8A47-4EC44578A421}.AppStore|Any CPU.Deploy.0 = Release|Any CPU
		{942BE4B5-709F-4340-8A47-4EC44578A421}.AppStore|ARM.ActiveCfg = Release|Any CPU
		{942BE4B5-709F-4340-8A47-4EC44578A421}.AppStore|ARM.Build.0 = Release|Any CPU
		{942BE4B5-709F-4340-8A47-4EC44578A421}.AppStore|ARM.Deploy.0 = Release|Any CPU
		{942BE4B5-709F-4340-8A47-4EC44578A421}.AppStore|iPhone.ActiveCfg = Release|Any CPU
		{942BE4B5-709F-4340-8A47-4EC44578A421}.AppStore|iPhone.Build.0 = Release|Any CPU
		{942BE4B5-709F-4340-8A47-4EC44578A421}.AppStore|iPhone.Deploy.0 = Release|Any CPU
		{942BE4B5-709F-4340-8A47-4EC44578A421}.AppStore|iPhoneSimulator.ActiveCfg = Release|Any CPU
		{942BE4B5-709F-4340-8A47-4EC44578A421}.AppStore|iPhoneSimulator.Build.0 = Release|Any CPU
		{942BE4B5-709F-4340-8A47-4EC44578A421}.AppStore|iPhoneSimulator.Deploy.0 = Release|Any CPU
		{942BE4B5-709F-4340-8A47-4EC44578A421}.AppStore|x64.ActiveCfg = Release|Any CPU
		{942BE4B5-709F-4340-8A47-4EC44578A421}.AppStore|x64.Build.0 = Release|Any CPU
		{942BE4B5-709F-4340-8A47-4EC44578A421}.AppStore|x64.Deploy.0 = Release|Any CPU
		{942BE4B5-709F-4340-8A47-4EC44578A421}.AppStore|x86.ActiveCfg = Release|Any CPU
		{942BE4B5-709F-4340-8A47-4EC44578A421}.AppStore|x86.Build.0 = Release|Any CPU
		{942BE4B5-709F-4340-8A47-4EC44578A421}.AppStore|x86.Deploy.0 = Release|Any CPU
		{942BE4B5-709F-4340-8A47-4EC44578A421}.Debug|Any CPU.ActiveCfg = Debug|Any CPU
		{942BE4B5-709F-4340-8A47-4EC44578A421}.Debug|Any CPU.Build.0 = Debug|Any CPU
		{942BE4B5-709F-4340-8A47-4EC44578A421}.Debug|Any CPU.Deploy.0 = Debug|Any CPU
		{942BE4B5-709F-4340-8A47-4EC44578A421}.Debug|ARM.ActiveCfg = Debug|Any CPU
		{942BE4B5-709F-4340-8A47-4EC44578A421}.Debug|ARM.Build.0 = Debug|Any CPU
		{942BE4B5-709F-4340-8A47-4EC44578A421}.Debug|ARM.Deploy.0 = Debug|Any CPU
		{942BE4B5-709F-4340-8A47-4EC44578A421}.Debug|iPhone.ActiveCfg = Debug|Any CPU
		{942BE4B5-709F-4340-8A47-4EC44578A421}.Debug|iPhone.Build.0 = Debug|Any CPU
		{942BE4B5-709F-4340-8A47-4EC44578A421}.Debug|iPhone.Deploy.0 = Debug|Any CPU
		{942BE4B5-709F-4340-8A47-4EC44578A421}.Debug|iPhoneSimulator.ActiveCfg = Debug|Any CPU
		{942BE4B5-709F-4340-8A47-4EC44578A421}.Debug|iPhoneSimulator.Build.0 = Debug|Any CPU
		{942BE4B5-709F-4340-8A47-4EC44578A421}.Debug|iPhoneSimulator.Deploy.0 = Debug|Any CPU
		{942BE4B5-709F-4340-8A47-4EC44578A421}.Debug|x64.ActiveCfg = Debug|Any CPU
		{942BE4B5-709F-4340-8A47-4EC44578A421}.Debug|x64.Build.0 = Debug|Any CPU
		{942BE4B5-709F-4340-8A47-4EC44578A421}.Debug|x64.Deploy.0 = Debug|Any CPU
		{942BE4B5-709F-4340-8A47-4EC44578A421}.Debug|x86.ActiveCfg = Debug|Any CPU
		{942BE4B5-709F-4340-8A47-4EC44578A421}.Debug|x86.Build.0 = Debug|Any CPU
		{942BE4B5-709F-4340-8A47-4EC44578A421}.Debug|x86.Deploy.0 = Debug|Any CPU
		{942BE4B5-709F-4340-8A47-4EC44578A421}.Release|Any CPU.ActiveCfg = Release|Any CPU
		{942BE4B5-709F-4340-8A47-4EC44578A421}.Release|Any CPU.Build.0 = Release|Any CPU
		{942BE4B5-709F-4340-8A47-4EC44578A421}.Release|Any CPU.Deploy.0 = Release|Any CPU
		{942BE4B5-709F-4340-8A47-4EC44578A421}.Release|ARM.ActiveCfg = Release|Any CPU
		{942BE4B5-709F-4340-8A47-4EC44578A421}.Release|ARM.Build.0 = Release|Any CPU
		{942BE4B5-709F-4340-8A47-4EC44578A421}.Release|ARM.Deploy.0 = Release|Any CPU
		{942BE4B5-709F-4340-8A47-4EC44578A421}.Release|iPhone.ActiveCfg = Release|Any CPU
		{942BE4B5-709F-4340-8A47-4EC44578A421}.Release|iPhone.Build.0 = Release|Any CPU
		{942BE4B5-709F-4340-8A47-4EC44578A421}.Release|iPhone.Deploy.0 = Release|Any CPU
		{942BE4B5-709F-4340-8A47-4EC44578A421}.Release|iPhoneSimulator.ActiveCfg = Release|Any CPU
		{942BE4B5-709F-4340-8A47-4EC44578A421}.Release|iPhoneSimulator.Build.0 = Release|Any CPU
		{942BE4B5-709F-4340-8A47-4EC44578A421}.Release|iPhoneSimulator.Deploy.0 = Release|Any CPU
		{942BE4B5-709F-4340-8A47-4EC44578A421}.Release|x64.ActiveCfg = Release|Any CPU
		{942BE4B5-709F-4340-8A47-4EC44578A421}.Release|x64.Build.0 = Release|Any CPU
		{942BE4B5-709F-4340-8A47-4EC44578A421}.Release|x64.Deploy.0 = Release|Any CPU
		{942BE4B5-709F-4340-8A47-4EC44578A421}.Release|x86.ActiveCfg = Release|Any CPU
		{942BE4B5-709F-4340-8A47-4EC44578A421}.Release|x86.Build.0 = Release|Any CPU
		{942BE4B5-709F-4340-8A47-4EC44578A421}.Release|x86.Deploy.0 = Release|Any CPU
		{C7A7CD0C-B0F7-4F6C-A152-DCD33D782FE8}.Ad-Hoc|Any CPU.ActiveCfg = Ad-Hoc|iPhone
		{C7A7CD0C-B0F7-4F6C-A152-DCD33D782FE8}.Ad-Hoc|Any CPU.Build.0 = Ad-Hoc|iPhone
		{C7A7CD0C-B0F7-4F6C-A152-DCD33D782FE8}.Ad-Hoc|Any CPU.Deploy.0 = Ad-Hoc|iPhone
		{C7A7CD0C-B0F7-4F6C-A152-DCD33D782FE8}.Ad-Hoc|ARM.ActiveCfg = Ad-Hoc|iPhone
		{C7A7CD0C-B0F7-4F6C-A152-DCD33D782FE8}.Ad-Hoc|ARM.Build.0 = Ad-Hoc|iPhone
		{C7A7CD0C-B0F7-4F6C-A152-DCD33D782FE8}.Ad-Hoc|ARM.Deploy.0 = Ad-Hoc|iPhone
		{C7A7CD0C-B0F7-4F6C-A152-DCD33D782FE8}.Ad-Hoc|iPhone.ActiveCfg = Ad-Hoc|iPhone
		{C7A7CD0C-B0F7-4F6C-A152-DCD33D782FE8}.Ad-Hoc|iPhone.Build.0 = Ad-Hoc|iPhone
		{C7A7CD0C-B0F7-4F6C-A152-DCD33D782FE8}.Ad-Hoc|iPhone.Deploy.0 = Ad-Hoc|iPhone
		{C7A7CD0C-B0F7-4F6C-A152-DCD33D782FE8}.Ad-Hoc|iPhoneSimulator.ActiveCfg = Ad-Hoc|iPhoneSimulator
		{C7A7CD0C-B0F7-4F6C-A152-DCD33D782FE8}.Ad-Hoc|iPhoneSimulator.Build.0 = Ad-Hoc|iPhoneSimulator
		{C7A7CD0C-B0F7-4F6C-A152-DCD33D782FE8}.Ad-Hoc|iPhoneSimulator.Deploy.0 = Ad-Hoc|iPhoneSimulator
		{C7A7CD0C-B0F7-4F6C-A152-DCD33D782FE8}.Ad-Hoc|x64.ActiveCfg = Ad-Hoc|iPhone
		{C7A7CD0C-B0F7-4F6C-A152-DCD33D782FE8}.Ad-Hoc|x64.Build.0 = Ad-Hoc|iPhone
		{C7A7CD0C-B0F7-4F6C-A152-DCD33D782FE8}.Ad-Hoc|x64.Deploy.0 = Ad-Hoc|iPhone
		{C7A7CD0C-B0F7-4F6C-A152-DCD33D782FE8}.Ad-Hoc|x86.ActiveCfg = Ad-Hoc|iPhone
		{C7A7CD0C-B0F7-4F6C-A152-DCD33D782FE8}.Ad-Hoc|x86.Build.0 = Ad-Hoc|iPhone
		{C7A7CD0C-B0F7-4F6C-A152-DCD33D782FE8}.Ad-Hoc|x86.Deploy.0 = Ad-Hoc|iPhone
		{C7A7CD0C-B0F7-4F6C-A152-DCD33D782FE8}.AppStore|Any CPU.ActiveCfg = AppStore|iPhone
		{C7A7CD0C-B0F7-4F6C-A152-DCD33D782FE8}.AppStore|Any CPU.Build.0 = AppStore|iPhone
		{C7A7CD0C-B0F7-4F6C-A152-DCD33D782FE8}.AppStore|Any CPU.Deploy.0 = AppStore|iPhone
		{C7A7CD0C-B0F7-4F6C-A152-DCD33D782FE8}.AppStore|ARM.ActiveCfg = AppStore|iPhone
		{C7A7CD0C-B0F7-4F6C-A152-DCD33D782FE8}.AppStore|ARM.Build.0 = AppStore|iPhone
		{C7A7CD0C-B0F7-4F6C-A152-DCD33D782FE8}.AppStore|ARM.Deploy.0 = AppStore|iPhone
		{C7A7CD0C-B0F7-4F6C-A152-DCD33D782FE8}.AppStore|iPhone.ActiveCfg = AppStore|iPhone
		{C7A7CD0C-B0F7-4F6C-A152-DCD33D782FE8}.AppStore|iPhone.Build.0 = AppStore|iPhone
		{C7A7CD0C-B0F7-4F6C-A152-DCD33D782FE8}.AppStore|iPhone.Deploy.0 = AppStore|iPhone
		{C7A7CD0C-B0F7-4F6C-A152-DCD33D782FE8}.AppStore|iPhoneSimulator.ActiveCfg = AppStore|iPhoneSimulator
		{C7A7CD0C-B0F7-4F6C-A152-DCD33D782FE8}.AppStore|iPhoneSimulator.Build.0 = AppStore|iPhoneSimulator
		{C7A7CD0C-B0F7-4F6C-A152-DCD33D782FE8}.AppStore|iPhoneSimulator.Deploy.0 = AppStore|iPhoneSimulator
		{C7A7CD0C-B0F7-4F6C-A152-DCD33D782FE8}.AppStore|x64.ActiveCfg = AppStore|iPhone
		{C7A7CD0C-B0F7-4F6C-A152-DCD33D782FE8}.AppStore|x64.Build.0 = AppStore|iPhone
		{C7A7CD0C-B0F7-4F6C-A152-DCD33D782FE8}.AppStore|x64.Deploy.0 = AppStore|iPhone
		{C7A7CD0C-B0F7-4F6C-A152-DCD33D782FE8}.AppStore|x86.ActiveCfg = AppStore|iPhone
		{C7A7CD0C-B0F7-4F6C-A152-DCD33D782FE8}.AppStore|x86.Build.0 = AppStore|iPhone
		{C7A7CD0C-B0F7-4F6C-A152-DCD33D782FE8}.AppStore|x86.Deploy.0 = AppStore|iPhone
		{C7A7CD0C-B0F7-4F6C-A152-DCD33D782FE8}.Debug|Any CPU.ActiveCfg = Debug|iPhoneSimulator
		{C7A7CD0C-B0F7-4F6C-A152-DCD33D782FE8}.Debug|Any CPU.Build.0 = Debug|iPhoneSimulator
		{C7A7CD0C-B0F7-4F6C-A152-DCD33D782FE8}.Debug|Any CPU.Deploy.0 = Debug|iPhoneSimulator
		{C7A7CD0C-B0F7-4F6C-A152-DCD33D782FE8}.Debug|ARM.ActiveCfg = Debug|iPhone
		{C7A7CD0C-B0F7-4F6C-A152-DCD33D782FE8}.Debug|ARM.Build.0 = Debug|iPhone
		{C7A7CD0C-B0F7-4F6C-A152-DCD33D782FE8}.Debug|ARM.Deploy.0 = Debug|iPhone
		{C7A7CD0C-B0F7-4F6C-A152-DCD33D782FE8}.Debug|iPhone.ActiveCfg = Debug|iPhone
		{C7A7CD0C-B0F7-4F6C-A152-DCD33D782FE8}.Debug|iPhone.Build.0 = Debug|iPhone
		{C7A7CD0C-B0F7-4F6C-A152-DCD33D782FE8}.Debug|iPhone.Deploy.0 = Debug|iPhone
		{C7A7CD0C-B0F7-4F6C-A152-DCD33D782FE8}.Debug|iPhoneSimulator.ActiveCfg = Debug|iPhoneSimulator
		{C7A7CD0C-B0F7-4F6C-A152-DCD33D782FE8}.Debug|iPhoneSimulator.Build.0 = Debug|iPhoneSimulator
		{C7A7CD0C-B0F7-4F6C-A152-DCD33D782FE8}.Debug|iPhoneSimulator.Deploy.0 = Debug|iPhoneSimulator
		{C7A7CD0C-B0F7-4F6C-A152-DCD33D782FE8}.Debug|x64.ActiveCfg = Debug|iPhone
		{C7A7CD0C-B0F7-4F6C-A152-DCD33D782FE8}.Debug|x64.Build.0 = Debug|iPhone
		{C7A7CD0C-B0F7-4F6C-A152-DCD33D782FE8}.Debug|x64.Deploy.0 = Debug|iPhone
		{C7A7CD0C-B0F7-4F6C-A152-DCD33D782FE8}.Debug|x86.ActiveCfg = Debug|iPhone
		{C7A7CD0C-B0F7-4F6C-A152-DCD33D782FE8}.Debug|x86.Build.0 = Debug|iPhone
		{C7A7CD0C-B0F7-4F6C-A152-DCD33D782FE8}.Debug|x86.Deploy.0 = Debug|iPhone
		{C7A7CD0C-B0F7-4F6C-A152-DCD33D782FE8}.Release|Any CPU.ActiveCfg = Release|iPhone
		{C7A7CD0C-B0F7-4F6C-A152-DCD33D782FE8}.Release|Any CPU.Build.0 = Release|iPhone
		{C7A7CD0C-B0F7-4F6C-A152-DCD33D782FE8}.Release|Any CPU.Deploy.0 = Release|iPhone
		{C7A7CD0C-B0F7-4F6C-A152-DCD33D782FE8}.Release|ARM.ActiveCfg = Release|iPhone
		{C7A7CD0C-B0F7-4F6C-A152-DCD33D782FE8}.Release|ARM.Build.0 = Release|iPhone
		{C7A7CD0C-B0F7-4F6C-A152-DCD33D782FE8}.Release|ARM.Deploy.0 = Release|iPhone
		{C7A7CD0C-B0F7-4F6C-A152-DCD33D782FE8}.Release|iPhone.ActiveCfg = Release|iPhone
		{C7A7CD0C-B0F7-4F6C-A152-DCD33D782FE8}.Release|iPhone.Build.0 = Release|iPhone
		{C7A7CD0C-B0F7-4F6C-A152-DCD33D782FE8}.Release|iPhone.Deploy.0 = Release|iPhone
		{C7A7CD0C-B0F7-4F6C-A152-DCD33D782FE8}.Release|iPhoneSimulator.ActiveCfg = Release|iPhoneSimulator
		{C7A7CD0C-B0F7-4F6C-A152-DCD33D782FE8}.Release|iPhoneSimulator.Build.0 = Release|iPhoneSimulator
		{C7A7CD0C-B0F7-4F6C-A152-DCD33D782FE8}.Release|iPhoneSimulator.Deploy.0 = Release|iPhoneSimulator
		{C7A7CD0C-B0F7-4F6C-A152-DCD33D782FE8}.Release|x64.ActiveCfg = Release|iPhone
		{C7A7CD0C-B0F7-4F6C-A152-DCD33D782FE8}.Release|x64.Build.0 = Release|iPhone
		{C7A7CD0C-B0F7-4F6C-A152-DCD33D782FE8}.Release|x64.Deploy.0 = Release|iPhone
		{C7A7CD0C-B0F7-4F6C-A152-DCD33D782FE8}.Release|x86.ActiveCfg = Release|iPhone
		{C7A7CD0C-B0F7-4F6C-A152-DCD33D782FE8}.Release|x86.Build.0 = Release|iPhone
		{C7A7CD0C-B0F7-4F6C-A152-DCD33D782FE8}.Release|x86.Deploy.0 = Release|iPhone
		{17B88E88-B0A8-40DE-89EB-3A2F1D68145B}.Ad-Hoc|Any CPU.ActiveCfg = Release|x86
		{17B88E88-B0A8-40DE-89EB-3A2F1D68145B}.Ad-Hoc|Any CPU.Build.0 = Release|x86
		{17B88E88-B0A8-40DE-89EB-3A2F1D68145B}.Ad-Hoc|Any CPU.Deploy.0 = Release|x86
		{17B88E88-B0A8-40DE-89EB-3A2F1D68145B}.Ad-Hoc|ARM.ActiveCfg = Release|ARM
		{17B88E88-B0A8-40DE-89EB-3A2F1D68145B}.Ad-Hoc|ARM.Build.0 = Release|ARM
		{17B88E88-B0A8-40DE-89EB-3A2F1D68145B}.Ad-Hoc|ARM.Deploy.0 = Release|ARM
		{17B88E88-B0A8-40DE-89EB-3A2F1D68145B}.Ad-Hoc|iPhone.ActiveCfg = Release|x86
		{17B88E88-B0A8-40DE-89EB-3A2F1D68145B}.Ad-Hoc|iPhone.Build.0 = Release|x86
		{17B88E88-B0A8-40DE-89EB-3A2F1D68145B}.Ad-Hoc|iPhone.Deploy.0 = Release|x86
		{17B88E88-B0A8-40DE-89EB-3A2F1D68145B}.Ad-Hoc|iPhoneSimulator.ActiveCfg = Release|x86
		{17B88E88-B0A8-40DE-89EB-3A2F1D68145B}.Ad-Hoc|iPhoneSimulator.Build.0 = Release|x86
		{17B88E88-B0A8-40DE-89EB-3A2F1D68145B}.Ad-Hoc|iPhoneSimulator.Deploy.0 = Release|x86
		{17B88E88-B0A8-40DE-89EB-3A2F1D68145B}.Ad-Hoc|x64.ActiveCfg = Release|x64
		{17B88E88-B0A8-40DE-89EB-3A2F1D68145B}.Ad-Hoc|x64.Build.0 = Release|x64
		{17B88E88-B0A8-40DE-89EB-3A2F1D68145B}.Ad-Hoc|x64.Deploy.0 = Release|x64
		{17B88E88-B0A8-40DE-89EB-3A2F1D68145B}.Ad-Hoc|x86.ActiveCfg = Release|x86
		{17B88E88-B0A8-40DE-89EB-3A2F1D68145B}.Ad-Hoc|x86.Build.0 = Release|x86
		{17B88E88-B0A8-40DE-89EB-3A2F1D68145B}.Ad-Hoc|x86.Deploy.0 = Release|x86
		{17B88E88-B0A8-40DE-89EB-3A2F1D68145B}.AppStore|Any CPU.ActiveCfg = Release|x86
		{17B88E88-B0A8-40DE-89EB-3A2F1D68145B}.AppStore|Any CPU.Build.0 = Release|x86
		{17B88E88-B0A8-40DE-89EB-3A2F1D68145B}.AppStore|Any CPU.Deploy.0 = Release|x86
		{17B88E88-B0A8-40DE-89EB-3A2F1D68145B}.AppStore|ARM.ActiveCfg = Release|ARM
		{17B88E88-B0A8-40DE-89EB-3A2F1D68145B}.AppStore|ARM.Build.0 = Release|ARM
		{17B88E88-B0A8-40DE-89EB-3A2F1D68145B}.AppStore|ARM.Deploy.0 = Release|ARM
		{17B88E88-B0A8-40DE-89EB-3A2F1D68145B}.AppStore|iPhone.ActiveCfg = Release|x86
		{17B88E88-B0A8-40DE-89EB-3A2F1D68145B}.AppStore|iPhone.Build.0 = Release|x86
		{17B88E88-B0A8-40DE-89EB-3A2F1D68145B}.AppStore|iPhone.Deploy.0 = Release|x86
		{17B88E88-B0A8-40DE-89EB-3A2F1D68145B}.AppStore|iPhoneSimulator.ActiveCfg = Release|x86
		{17B88E88-B0A8-40DE-89EB-3A2F1D68145B}.AppStore|iPhoneSimulator.Build.0 = Release|x86
		{17B88E88-B0A8-40DE-89EB-3A2F1D68145B}.AppStore|iPhoneSimulator.Deploy.0 = Release|x86
		{17B88E88-B0A8-40DE-89EB-3A2F1D68145B}.AppStore|x64.ActiveCfg = Release|x64
		{17B88E88-B0A8-40DE-89EB-3A2F1D68145B}.AppStore|x64.Build.0 = Release|x64
		{17B88E88-B0A8-40DE-89EB-3A2F1D68145B}.AppStore|x64.Deploy.0 = Release|x64
		{17B88E88-B0A8-40DE-89EB-3A2F1D68145B}.AppStore|x86.ActiveCfg = Release|x86
		{17B88E88-B0A8-40DE-89EB-3A2F1D68145B}.AppStore|x86.Build.0 = Release|x86
		{17B88E88-B0A8-40DE-89EB-3A2F1D68145B}.AppStore|x86.Deploy.0 = Release|x86
		{17B88E88-B0A8-40DE-89EB-3A2F1D68145B}.Debug|Any CPU.ActiveCfg = Debug|x86
		{17B88E88-B0A8-40DE-89EB-3A2F1D68145B}.Debug|Any CPU.Build.0 = Debug|x86
		{17B88E88-B0A8-40DE-89EB-3A2F1D68145B}.Debug|Any CPU.Deploy.0 = Debug|x86
		{17B88E88-B0A8-40DE-89EB-3A2F1D68145B}.Debug|ARM.ActiveCfg = Debug|ARM
		{17B88E88-B0A8-40DE-89EB-3A2F1D68145B}.Debug|ARM.Build.0 = Debug|ARM
		{17B88E88-B0A8-40DE-89EB-3A2F1D68145B}.Debug|ARM.Deploy.0 = Debug|ARM
		{17B88E88-B0A8-40DE-89EB-3A2F1D68145B}.Debug|iPhone.ActiveCfg = Debug|x86
		{17B88E88-B0A8-40DE-89EB-3A2F1D68145B}.Debug|iPhone.Build.0 = Debug|x86
		{17B88E88-B0A8-40DE-89EB-3A2F1D68145B}.Debug|iPhone.Deploy.0 = Debug|x86
		{17B88E88-B0A8-40DE-89EB-3A2F1D68145B}.Debug|iPhoneSimulator.ActiveCfg = Debug|x86
		{17B88E88-B0A8-40DE-89EB-3A2F1D68145B}.Debug|iPhoneSimulator.Build.0 = Debug|x86
		{17B88E88-B0A8-40DE-89EB-3A2F1D68145B}.Debug|iPhoneSimulator.Deploy.0 = Debug|x86
		{17B88E88-B0A8-40DE-89EB-3A2F1D68145B}.Debug|x64.ActiveCfg = Debug|x64
		{17B88E88-B0A8-40DE-89EB-3A2F1D68145B}.Debug|x64.Build.0 = Debug|x64
		{17B88E88-B0A8-40DE-89EB-3A2F1D68145B}.Debug|x64.Deploy.0 = Debug|x64
		{17B88E88-B0A8-40DE-89EB-3A2F1D68145B}.Debug|x86.ActiveCfg = Debug|x86
		{17B88E88-B0A8-40DE-89EB-3A2F1D68145B}.Debug|x86.Build.0 = Debug|x86
		{17B88E88-B0A8-40DE-89EB-3A2F1D68145B}.Debug|x86.Deploy.0 = Debug|x86
		{17B88E88-B0A8-40DE-89EB-3A2F1D68145B}.Release|Any CPU.ActiveCfg = Release|x86
		{17B88E88-B0A8-40DE-89EB-3A2F1D68145B}.Release|Any CPU.Build.0 = Release|x86
		{17B88E88-B0A8-40DE-89EB-3A2F1D68145B}.Release|Any CPU.Deploy.0 = Release|x86
		{17B88E88-B0A8-40DE-89EB-3A2F1D68145B}.Release|ARM.ActiveCfg = Release|ARM
		{17B88E88-B0A8-40DE-89EB-3A2F1D68145B}.Release|ARM.Build.0 = Release|ARM
		{17B88E88-B0A8-40DE-89EB-3A2F1D68145B}.Release|ARM.Deploy.0 = Release|ARM
		{17B88E88-B0A8-40DE-89EB-3A2F1D68145B}.Release|iPhone.ActiveCfg = Release|x86
		{17B88E88-B0A8-40DE-89EB-3A2F1D68145B}.Release|iPhone.Build.0 = Release|x86
		{17B88E88-B0A8-40DE-89EB-3A2F1D68145B}.Release|iPhone.Deploy.0 = Release|x86
		{17B88E88-B0A8-40DE-89EB-3A2F1D68145B}.Release|iPhoneSimulator.ActiveCfg = Release|x86
		{17B88E88-B0A8-40DE-89EB-3A2F1D68145B}.Release|iPhoneSimulator.Build.0 = Release|x86
		{17B88E88-B0A8-40DE-89EB-3A2F1D68145B}.Release|iPhoneSimulator.Deploy.0 = Release|x86
		{17B88E88-B0A8-40DE-89EB-3A2F1D68145B}.Release|x64.ActiveCfg = Release|x64
		{17B88E88-B0A8-40DE-89EB-3A2F1D68145B}.Release|x64.Build.0 = Release|x64
		{17B88E88-B0A8-40DE-89EB-3A2F1D68145B}.Release|x64.Deploy.0 = Release|x64
		{17B88E88-B0A8-40DE-89EB-3A2F1D68145B}.Release|x86.ActiveCfg = Release|x86
		{17B88E88-B0A8-40DE-89EB-3A2F1D68145B}.Release|x86.Build.0 = Release|x86
		{17B88E88-B0A8-40DE-89EB-3A2F1D68145B}.Release|x86.Deploy.0 = Release|x86
		{86FA06AC-8F3D-4737-9DD7-DEA6B379DE9B}.Ad-Hoc|Any CPU.ActiveCfg = Debug|Any CPU
		{86FA06AC-8F3D-4737-9DD7-DEA6B379DE9B}.Ad-Hoc|Any CPU.Build.0 = Debug|Any CPU
		{86FA06AC-8F3D-4737-9DD7-DEA6B379DE9B}.Ad-Hoc|Any CPU.Deploy.0 = Debug|Any CPU
		{86FA06AC-8F3D-4737-9DD7-DEA6B379DE9B}.Ad-Hoc|ARM.ActiveCfg = Debug|Any CPU
		{86FA06AC-8F3D-4737-9DD7-DEA6B379DE9B}.Ad-Hoc|ARM.Build.0 = Debug|Any CPU
		{86FA06AC-8F3D-4737-9DD7-DEA6B379DE9B}.Ad-Hoc|ARM.Deploy.0 = Debug|Any CPU
		{86FA06AC-8F3D-4737-9DD7-DEA6B379DE9B}.Ad-Hoc|iPhone.ActiveCfg = Debug|Any CPU
		{86FA06AC-8F3D-4737-9DD7-DEA6B379DE9B}.Ad-Hoc|iPhone.Build.0 = Debug|Any CPU
		{86FA06AC-8F3D-4737-9DD7-DEA6B379DE9B}.Ad-Hoc|iPhone.Deploy.0 = Debug|Any CPU
		{86FA06AC-8F3D-4737-9DD7-DEA6B379DE9B}.Ad-Hoc|iPhoneSimulator.ActiveCfg = Debug|Any CPU
		{86FA06AC-8F3D-4737-9DD7-DEA6B379DE9B}.Ad-Hoc|iPhoneSimulator.Build.0 = Debug|Any CPU
		{86FA06AC-8F3D-4737-9DD7-DEA6B379DE9B}.Ad-Hoc|iPhoneSimulator.Deploy.0 = Debug|Any CPU
		{86FA06AC-8F3D-4737-9DD7-DEA6B379DE9B}.Ad-Hoc|x64.ActiveCfg = Debug|Any CPU
		{86FA06AC-8F3D-4737-9DD7-DEA6B379DE9B}.Ad-Hoc|x64.Build.0 = Debug|Any CPU
		{86FA06AC-8F3D-4737-9DD7-DEA6B379DE9B}.Ad-Hoc|x64.Deploy.0 = Debug|Any CPU
		{86FA06AC-8F3D-4737-9DD7-DEA6B379DE9B}.Ad-Hoc|x86.ActiveCfg = Debug|Any CPU
		{86FA06AC-8F3D-4737-9DD7-DEA6B379DE9B}.Ad-Hoc|x86.Build.0 = Debug|Any CPU
		{86FA06AC-8F3D-4737-9DD7-DEA6B379DE9B}.Ad-Hoc|x86.Deploy.0 = Debug|Any CPU
		{86FA06AC-8F3D-4737-9DD7-DEA6B379DE9B}.AppStore|Any CPU.ActiveCfg = Debug|Any CPU
		{86FA06AC-8F3D-4737-9DD7-DEA6B379DE9B}.AppStore|Any CPU.Build.0 = Debug|Any CPU
		{86FA06AC-8F3D-4737-9DD7-DEA6B379DE9B}.AppStore|Any CPU.Deploy.0 = Debug|Any CPU
		{86FA06AC-8F3D-4737-9DD7-DEA6B379DE9B}.AppStore|ARM.ActiveCfg = Debug|Any CPU
		{86FA06AC-8F3D-4737-9DD7-DEA6B379DE9B}.AppStore|ARM.Build.0 = Debug|Any CPU
		{86FA06AC-8F3D-4737-9DD7-DEA6B379DE9B}.AppStore|ARM.Deploy.0 = Debug|Any CPU
		{86FA06AC-8F3D-4737-9DD7-DEA6B379DE9B}.AppStore|iPhone.ActiveCfg = Debug|Any CPU
		{86FA06AC-8F3D-4737-9DD7-DEA6B379DE9B}.AppStore|iPhone.Build.0 = Debug|Any CPU
		{86FA06AC-8F3D-4737-9DD7-DEA6B379DE9B}.AppStore|iPhone.Deploy.0 = Debug|Any CPU
		{86FA06AC-8F3D-4737-9DD7-DEA6B379DE9B}.AppStore|iPhoneSimulator.ActiveCfg = Debug|Any CPU
		{86FA06AC-8F3D-4737-9DD7-DEA6B379DE9B}.AppStore|iPhoneSimulator.Build.0 = Debug|Any CPU
		{86FA06AC-8F3D-4737-9DD7-DEA6B379DE9B}.AppStore|iPhoneSimulator.Deploy.0 = Debug|Any CPU
		{86FA06AC-8F3D-4737-9DD7-DEA6B379DE9B}.AppStore|x64.ActiveCfg = Debug|Any CPU
		{86FA06AC-8F3D-4737-9DD7-DEA6B379DE9B}.AppStore|x64.Build.0 = Debug|Any CPU
		{86FA06AC-8F3D-4737-9DD7-DEA6B379DE9B}.AppStore|x64.Deploy.0 = Debug|Any CPU
		{86FA06AC-8F3D-4737-9DD7-DEA6B379DE9B}.AppStore|x86.ActiveCfg = Debug|Any CPU
		{86FA06AC-8F3D-4737-9DD7-DEA6B379DE9B}.AppStore|x86.Build.0 = Debug|Any CPU
		{86FA06AC-8F3D-4737-9DD7-DEA6B379DE9B}.AppStore|x86.Deploy.0 = Debug|Any CPU
		{86FA06AC-8F3D-4737-9DD7-DEA6B379DE9B}.Debug|Any CPU.ActiveCfg = Debug|Any CPU
		{86FA06AC-8F3D-4737-9DD7-DEA6B379DE9B}.Debug|Any CPU.Build.0 = Debug|Any CPU
		{86FA06AC-8F3D-4737-9DD7-DEA6B379DE9B}.Debug|Any CPU.Deploy.0 = Debug|Any CPU
		{86FA06AC-8F3D-4737-9DD7-DEA6B379DE9B}.Debug|ARM.ActiveCfg = Debug|Any CPU
		{86FA06AC-8F3D-4737-9DD7-DEA6B379DE9B}.Debug|ARM.Build.0 = Debug|Any CPU
		{86FA06AC-8F3D-4737-9DD7-DEA6B379DE9B}.Debug|ARM.Deploy.0 = Debug|Any CPU
		{86FA06AC-8F3D-4737-9DD7-DEA6B379DE9B}.Debug|iPhone.ActiveCfg = Debug|Any CPU
		{86FA06AC-8F3D-4737-9DD7-DEA6B379DE9B}.Debug|iPhone.Build.0 = Debug|Any CPU
		{86FA06AC-8F3D-4737-9DD7-DEA6B379DE9B}.Debug|iPhone.Deploy.0 = Debug|Any CPU
		{86FA06AC-8F3D-4737-9DD7-DEA6B379DE9B}.Debug|iPhoneSimulator.ActiveCfg = Debug|Any CPU
		{86FA06AC-8F3D-4737-9DD7-DEA6B379DE9B}.Debug|iPhoneSimulator.Build.0 = Debug|Any CPU
		{86FA06AC-8F3D-4737-9DD7-DEA6B379DE9B}.Debug|iPhoneSimulator.Deploy.0 = Debug|Any CPU
		{86FA06AC-8F3D-4737-9DD7-DEA6B379DE9B}.Debug|x64.ActiveCfg = Debug|Any CPU
		{86FA06AC-8F3D-4737-9DD7-DEA6B379DE9B}.Debug|x64.Build.0 = Debug|Any CPU
		{86FA06AC-8F3D-4737-9DD7-DEA6B379DE9B}.Debug|x64.Deploy.0 = Debug|Any CPU
		{86FA06AC-8F3D-4737-9DD7-DEA6B379DE9B}.Debug|x86.ActiveCfg = Debug|Any CPU
		{86FA06AC-8F3D-4737-9DD7-DEA6B379DE9B}.Debug|x86.Build.0 = Debug|Any CPU
		{86FA06AC-8F3D-4737-9DD7-DEA6B379DE9B}.Debug|x86.Deploy.0 = Debug|Any CPU
		{86FA06AC-8F3D-4737-9DD7-DEA6B379DE9B}.Release|Any CPU.ActiveCfg = Release|Any CPU
		{86FA06AC-8F3D-4737-9DD7-DEA6B379DE9B}.Release|Any CPU.Build.0 = Release|Any CPU
		{86FA06AC-8F3D-4737-9DD7-DEA6B379DE9B}.Release|Any CPU.Deploy.0 = Release|Any CPU
		{86FA06AC-8F3D-4737-9DD7-DEA6B379DE9B}.Release|ARM.ActiveCfg = Release|Any CPU
		{86FA06AC-8F3D-4737-9DD7-DEA6B379DE9B}.Release|ARM.Build.0 = Release|Any CPU
		{86FA06AC-8F3D-4737-9DD7-DEA6B379DE9B}.Release|ARM.Deploy.0 = Release|Any CPU
		{86FA06AC-8F3D-4737-9DD7-DEA6B379DE9B}.Release|iPhone.ActiveCfg = Release|Any CPU
		{86FA06AC-8F3D-4737-9DD7-DEA6B379DE9B}.Release|iPhone.Build.0 = Release|Any CPU
		{86FA06AC-8F3D-4737-9DD7-DEA6B379DE9B}.Release|iPhone.Deploy.0 = Release|Any CPU
		{86FA06AC-8F3D-4737-9DD7-DEA6B379DE9B}.Release|iPhoneSimulator.ActiveCfg = Release|Any CPU
		{86FA06AC-8F3D-4737-9DD7-DEA6B379DE9B}.Release|iPhoneSimulator.Build.0 = Release|Any CPU
		{86FA06AC-8F3D-4737-9DD7-DEA6B379DE9B}.Release|iPhoneSimulator.Deploy.0 = Release|Any CPU
		{86FA06AC-8F3D-4737-9DD7-DEA6B379DE9B}.Release|x64.ActiveCfg = Release|Any CPU
		{86FA06AC-8F3D-4737-9DD7-DEA6B379DE9B}.Release|x64.Build.0 = Release|Any CPU
		{86FA06AC-8F3D-4737-9DD7-DEA6B379DE9B}.Release|x64.Deploy.0 = Release|Any CPU
		{86FA06AC-8F3D-4737-9DD7-DEA6B379DE9B}.Release|x86.ActiveCfg = Release|Any CPU
		{86FA06AC-8F3D-4737-9DD7-DEA6B379DE9B}.Release|x86.Build.0 = Release|Any CPU
		{86FA06AC-8F3D-4737-9DD7-DEA6B379DE9B}.Release|x86.Deploy.0 = Release|Any CPU
		{AC783ADB-A227-4011-BCBA-88BF89A7AC30}.Ad-Hoc|Any CPU.ActiveCfg = Release|Any CPU
		{AC783ADB-A227-4011-BCBA-88BF89A7AC30}.Ad-Hoc|Any CPU.Build.0 = Release|Any CPU
		{AC783ADB-A227-4011-BCBA-88BF89A7AC30}.Ad-Hoc|ARM.ActiveCfg = Release|Any CPU
		{AC783ADB-A227-4011-BCBA-88BF89A7AC30}.Ad-Hoc|ARM.Build.0 = Release|Any CPU
		{AC783ADB-A227-4011-BCBA-88BF89A7AC30}.Ad-Hoc|iPhone.ActiveCfg = Release|Any CPU
		{AC783ADB-A227-4011-BCBA-88BF89A7AC30}.Ad-Hoc|iPhone.Build.0 = Release|Any CPU
		{AC783ADB-A227-4011-BCBA-88BF89A7AC30}.Ad-Hoc|iPhoneSimulator.ActiveCfg = Release|Any CPU
		{AC783ADB-A227-4011-BCBA-88BF89A7AC30}.Ad-Hoc|iPhoneSimulator.Build.0 = Release|Any CPU
		{AC783ADB-A227-4011-BCBA-88BF89A7AC30}.Ad-Hoc|x64.ActiveCfg = Release|Any CPU
		{AC783ADB-A227-4011-BCBA-88BF89A7AC30}.Ad-Hoc|x64.Build.0 = Release|Any CPU
		{AC783ADB-A227-4011-BCBA-88BF89A7AC30}.Ad-Hoc|x86.ActiveCfg = Release|Any CPU
		{AC783ADB-A227-4011-BCBA-88BF89A7AC30}.Ad-Hoc|x86.Build.0 = Release|Any CPU
		{AC783ADB-A227-4011-BCBA-88BF89A7AC30}.AppStore|Any CPU.ActiveCfg = Release|Any CPU
		{AC783ADB-A227-4011-BCBA-88BF89A7AC30}.AppStore|Any CPU.Build.0 = Release|Any CPU
		{AC783ADB-A227-4011-BCBA-88BF89A7AC30}.AppStore|ARM.ActiveCfg = Release|Any CPU
		{AC783ADB-A227-4011-BCBA-88BF89A7AC30}.AppStore|ARM.Build.0 = Release|Any CPU
		{AC783ADB-A227-4011-BCBA-88BF89A7AC30}.AppStore|iPhone.ActiveCfg = Release|Any CPU
		{AC783ADB-A227-4011-BCBA-88BF89A7AC30}.AppStore|iPhone.Build.0 = Release|Any CPU
		{AC783ADB-A227-4011-BCBA-88BF89A7AC30}.AppStore|iPhoneSimulator.ActiveCfg = Release|Any CPU
		{AC783ADB-A227-4011-BCBA-88BF89A7AC30}.AppStore|iPhoneSimulator.Build.0 = Release|Any CPU
		{AC783ADB-A227-4011-BCBA-88BF89A7AC30}.AppStore|x64.ActiveCfg = Release|Any CPU
		{AC783ADB-A227-4011-BCBA-88BF89A7AC30}.AppStore|x64.Build.0 = Release|Any CPU
		{AC783ADB-A227-4011-BCBA-88BF89A7AC30}.AppStore|x86.ActiveCfg = Release|Any CPU
		{AC783ADB-A227-4011-BCBA-88BF89A7AC30}.AppStore|x86.Build.0 = Release|Any CPU
		{AC783ADB-A227-4011-BCBA-88BF89A7AC30}.Debug|Any CPU.ActiveCfg = Debug|Any CPU
		{AC783ADB-A227-4011-BCBA-88BF89A7AC30}.Debug|Any CPU.Build.0 = Debug|Any CPU
		{AC783ADB-A227-4011-BCBA-88BF89A7AC30}.Debug|ARM.ActiveCfg = Debug|Any CPU
		{AC783ADB-A227-4011-BCBA-88BF89A7AC30}.Debug|ARM.Build.0 = Debug|Any CPU
		{AC783ADB-A227-4011-BCBA-88BF89A7AC30}.Debug|iPhone.ActiveCfg = Debug|Any CPU
		{AC783ADB-A227-4011-BCBA-88BF89A7AC30}.Debug|iPhone.Build.0 = Debug|Any CPU
		{AC783ADB-A227-4011-BCBA-88BF89A7AC30}.Debug|iPhoneSimulator.ActiveCfg = Debug|Any CPU
		{AC783ADB-A227-4011-BCBA-88BF89A7AC30}.Debug|iPhoneSimulator.Build.0 = Debug|Any CPU
		{AC783ADB-A227-4011-BCBA-88BF89A7AC30}.Debug|x64.ActiveCfg = Debug|Any CPU
		{AC783ADB-A227-4011-BCBA-88BF89A7AC30}.Debug|x64.Build.0 = Debug|Any CPU
		{AC783ADB-A227-4011-BCBA-88BF89A7AC30}.Debug|x86.ActiveCfg = Debug|Any CPU
		{AC783ADB-A227-4011-BCBA-88BF89A7AC30}.Debug|x86.Build.0 = Debug|Any CPU
		{AC783ADB-A227-4011-BCBA-88BF89A7AC30}.Release|Any CPU.ActiveCfg = Release|Any CPU
		{AC783ADB-A227-4011-BCBA-88BF89A7AC30}.Release|Any CPU.Build.0 = Release|Any CPU
		{AC783ADB-A227-4011-BCBA-88BF89A7AC30}.Release|ARM.ActiveCfg = Release|Any CPU
		{AC783ADB-A227-4011-BCBA-88BF89A7AC30}.Release|ARM.Build.0 = Release|Any CPU
		{AC783ADB-A227-4011-BCBA-88BF89A7AC30}.Release|iPhone.ActiveCfg = Release|Any CPU
		{AC783ADB-A227-4011-BCBA-88BF89A7AC30}.Release|iPhone.Build.0 = Release|Any CPU
		{AC783ADB-A227-4011-BCBA-88BF89A7AC30}.Release|iPhoneSimulator.ActiveCfg = Release|Any CPU
		{AC783ADB-A227-4011-BCBA-88BF89A7AC30}.Release|iPhoneSimulator.Build.0 = Release|Any CPU
		{AC783ADB-A227-4011-BCBA-88BF89A7AC30}.Release|x64.ActiveCfg = Release|Any CPU
		{AC783ADB-A227-4011-BCBA-88BF89A7AC30}.Release|x64.Build.0 = Release|Any CPU
		{AC783ADB-A227-4011-BCBA-88BF89A7AC30}.Release|x86.ActiveCfg = Release|Any CPU
		{AC783ADB-A227-4011-BCBA-88BF89A7AC30}.Release|x86.Build.0 = Release|Any CPU
	EndGlobalSection
	GlobalSection(SolutionProperties) = preSolution
		HideSolutionNode = FALSE
	EndGlobalSection
	GlobalSection(ExtensibilityGlobals) = postSolution
		SolutionGuid = {2DE5560D-ADD8-4DD3-A502-6F7018D91F0B}
	EndGlobalSection
	GlobalSection(TeamFoundationVersionControl) = preSolution
		SccNumberOfProjects = 5
		SccEnterpriseProvider = {4CA58AB2-18FA-4F8D-95D4-32DDF27D184C}
		SccTeamFoundationServer = https://wtabera.visualstudio.com/
		SccProjectUniqueName0 = Location\\Location.Android\\Location.Android.csproj
		SccProjectName0 = Location/Location.Android
		SccAuxPath0 = https://wtabera.visualstudio.com
		SccLocalPath0 = Location\\Location.Android
		SccProvider0 = {4CA58AB2-18FA-4F8D-95D4-32DDF27D184C}
		SccProjectUniqueName1 = Location\\Location.iOS\\Location.iOS.csproj
		SccProjectName1 = Location/Location.iOS
		SccAuxPath1 = https://wtabera.visualstudio.com
		SccLocalPath1 = Location\\Location.iOS
		SccProvider1 = {4CA58AB2-18FA-4F8D-95D4-32DDF27D184C}
		SccProjectUniqueName2 = Location\\Location.UWP\\Location.UWP.csproj
		SccProjectName2 = Location/Location.UWP
		SccAuxPath2 = https://wtabera.visualstudio.com
		SccLocalPath2 = Location\\Location.UWP
		SccProvider2 = {4CA58AB2-18FA-4F8D-95D4-32DDF27D184C}
		SccProjectUniqueName3 = Location\\Location\\Location.csproj
		SccProjectName3 = Location/Location
		SccAuxPath3 = https://wtabera.visualstudio.com
		SccLocalPath3 = Location\\Location
		SccProvider3 = {4CA58AB2-18FA-4F8D-95D4-32DDF27D184C}
		SccProjectUniqueName4 = Location.Api\\Location.Api.csproj
		SccProjectName4 = Location.Api
		SccAuxPath4 = https://wtabera.visualstudio.com
		SccLocalPath4 = Location.Api
		SccProvider4 = {4CA58AB2-18FA-4F8D-95D4-32DDF27D184C}
	EndGlobalSection
EndGlobal
